
Microsoft Visual Studio Solution File, Format Version 12.00
# Visual Studio 15
VisualStudioVersion = 15.0.28010.2026
MinimumVisualStudioVersion = 10.0.40219.1
Project("{2150E333-8FDC-42A3-9474-1A3956D46DE8}") = "src", "src", "{A7A1FE33-779A-4AC8-96F1-2A2CA78B8916}"
EndProject
Project("{2150E333-8FDC-42A3-9474-1A3956D46DE8}") = "1.Presentation", "1.Presentation", "{9661C887-FAB3-463C-95E0-6DEB644A477F}"
EndProject
Project("{2150E333-8FDC-42A3-9474-1A3956D46DE8}") = "2.Application", "2.Application", "{3A442226-ADAA-4FC7-9ABA-24B097101F02}"
EndProject
Project("{2150E333-8FDC-42A3-9474-1A3956D46DE8}") = "3.Domain", "3.Domain", "{4EDB85F3-A09A-4D87-B92D-217BA8418D72}"
EndProject
Project("{2150E333-8FDC-42A3-9474-1A3956D46DE8}") = "4.Infrastructure", "4.Infrastructure", "{B42956B2-5DE0-4A1A-8C13-87075D1878C8}"
EndProject
Project("{FAE04EC0-301F-11D3-BF4B-00C04F79EFBC}") = "CX4.Domain", "CX4.Domain\CX4.Domain.csproj", "{B946FE7F-A9D3-4CC9-A70D-7438CFBB6C38}"
EndProject
Project("{FAE04EC0-301F-11D3-BF4B-00C04F79EFBC}") = "CX4.Domain.Core", "CX4.Domain.Core\CX4.Domain.Core.csproj", "{12154C26-525E-4419-B86D-30BE4C148DBA}"
EndProject
Project("{FAE04EC0-301F-11D3-BF4B-00C04F79EFBC}") = "CX4.Infrastructure.Repository", "CX4.Infrastructure.Repository\CX4.Infrastructure.Repository.csproj", "{4322012E-B2BF-4AFB-B1C8-4B7873AEEF9E}"
EndProject
Project("{2150E333-8FDC-42A3-9474-1A3956D46DE8}") = "5.Test", "5.Test", "{943DB8A4-F8F2-4F4F-8EAE-325C1D610F52}"
EndProject
Project("{FAE04EC0-301F-11D3-BF4B-00C04F79EFBC}") = "CX4.Domain.Test", "CX4.Domain.Test\CX4.Domain.Test.csproj", "{B051C728-CF5C-44D4-BADB-FA36F991E646}"
EndProject
Project("{FAE04EC0-301F-11D3-BF4B-00C04F79EFBC}") = "CX4.Infrastructure.Service", "CX4.Infrastructure.Service\CX4.Infrastructure.Service.csproj", "{702262E3-CE90-4F6F-B2F0-72E4D30D6728}"
EndProject
Global
	GlobalSection(SolutionConfigurationPlatforms) = preSolution
		Debug|Any CPU = Debug|Any CPU
		Release|Any CPU = Release|Any CPU
	EndGlobalSection
	GlobalSection(ProjectConfigurationPlatforms) = postSolution
		{B946FE7F-A9D3-4CC9-A70D-7438CFBB6C38}.Debug|Any CPU.ActiveCfg = Debug|Any CPU
		{B946FE7F-A9D3-4CC9-A70D-7438CFBB6C38}.Debug|Any CPU.Build.0 = Debug|Any CPU
		{B946FE7F-A9D3-4CC9-A70D-7438CFBB6C38}.Release|Any CPU.ActiveCfg = Release|Any CPU
		{B946FE7F-A9D3-4CC9-A70D-7438CFBB6C38}.Release|Any CPU.Build.0 = Release|Any CPU
		{12154C26-525E-4419-B86D-30BE4C148DBA}.Debug|Any CPU.ActiveCfg = Debug|Any CPU
		{12154C26-525E-4419-B86D-30BE4C148DBA}.Debug|Any CPU.Build.0 = Debug|Any CPU
		{12154C26-525E-4419-B86D-30BE4C148DBA}.Release|Any CPU.ActiveCfg = Release|Any CPU
		{12154C26-525E-4419-B86D-30BE4C148DBA}.Release|Any CPU.Build.0 = Release|Any CPU
		{4322012E-B2BF-4AFB-B1C8-4B7873AEEF9E}.Debug|Any CPU.ActiveCfg = Debug|Any CPU
		{4322012E-B2BF-4AFB-B1C8-4B7873AEEF9E}.Debug|Any CPU.Build.0 = Debug|Any CPU
		{4322012E-B2BF-4AFB-B1C8-4B7873AEEF9E}.Release|Any CPU.ActiveCfg = Release|Any CPU
		{4322012E-B2BF-4AFB-B1C8-4B7873AEEF9E}.Release|Any CPU.Build.0 = Release|Any CPU
		{B051C728-CF5C-44D4-BADB-FA36F991E646}.Debug|Any CPU.ActiveCfg = Debug|Any CPU
		{B051C728-CF5C-44D4-BADB-FA36F991E646}.Debug|Any CPU.Build.0 = Debug|Any CPU
		{B051C728-CF5C-44D4-BADB-FA36F991E646}.Release|Any CPU.ActiveCfg = Release|Any CPU
		{B051C728-CF5C-44D4-BADB-FA36F991E646}.Release|Any CPU.Build.0 = Release|Any CPU
		{702262E3-CE90-4F6F-B2F0-72E4D30D6728}.Debug|Any CPU.ActiveCfg = Debug|Any CPU
		{702262E3-CE90-4F6F-B2F0-72E4D30D6728}.Debug|Any CPU.Build.0 = Debug|Any CPU
		{702262E3-CE90-4F6F-B2F0-72E4D30D6728}.Release|Any CPU.ActiveCfg = Release|Any CPU
		{702262E3-CE90-4F6F-B2F0-72E4D30D6728}.Release|Any CPU.Build.0 = Release|Any CPU
	EndGlobalSection
	GlobalSection(SolutionProperties) = preSolution
		HideSolutionNode = FALSE
	EndGlobalSection
	GlobalSection(NestedProjects) = preSolution
		{9661C887-FAB3-463C-95E0-6DEB644A477F} = {A7A1FE33-779A-4AC8-96F1-2A2CA78B8916}
		{3A442226-ADAA-4FC7-9ABA-24B097101F02} = {A7A1FE33-779A-4AC8-96F1-2A2CA78B8916}
		{4EDB85F3-A09A-4D87-B92D-217BA8418D72} = {A7A1FE33-779A-4AC8-96F1-2A2CA78B8916}
		{B42956B2-5DE0-4A1A-8C13-87075D1878C8} = {A7A1FE33-779A-4AC8-96F1-2A2CA78B8916}
		{B946FE7F-A9D3-4CC9-A70D-7438CFBB6C38} = {4EDB85F3-A09A-4D87-B92D-217BA8418D72}
		{12154C26-525E-4419-B86D-30BE4C148DBA} = {4EDB85F3-A09A-4D87-B92D-217BA8418D72}
		{4322012E-B2BF-4AFB-B1C8-4B7873AEEF9E} = {B42956B2-5DE0-4A1A-8C13-87075D1878C8}
		{943DB8A4-F8F2-4F4F-8EAE-325C1D610F52} = {A7A1FE33-779A-4AC8-96F1-2A2CA78B8916}
		{B051C728-CF5C-44D4-BADB-FA36F991E646} = {943DB8A4-F8F2-4F4F-8EAE-325C1D610F52}
		{702262E3-CE90-4F6F-B2F0-72E4D30D6728} = {B42956B2-5DE0-4A1A-8C13-87075D1878C8}
	EndGlobalSection
	GlobalSection(ExtensibilityGlobals) = postSolution
		SolutionGuid = {577BA594-5B81-4DB1-923B-CDED8E3C847E}
	EndGlobalSection
EndGlobal
